
Microsoft Visual Studio Solution File, Format Version 12.00
# Visual Studio Version 17
VisualStudioVersion = 17.9.34728.123
MinimumVisualStudioVersion = 10.0.40219.1
Project("{FAE04EC0-301F-11D3-BF4B-00C04F79EFBC}") = "AssetManagement.Server", "AssetManagement.Server\AssetManagement.Server.csproj", "{BB36B670-AB98-4364-A753-2284C33800D9}"
EndProject
Project("{54A90642-561A-4BB1-A94E-469ADEE60C69}") = "assetmanagement.client", "assetmanagement.client\assetmanagement.client.esproj", "{7195352C-AF4C-4631-87B0-46A4E108AF60}"
EndProject
Global
	GlobalSection(SolutionConfigurationPlatforms) = preSolution
		Debug|Any CPU = Debug|Any CPU
		Release|Any CPU = Release|Any CPU
	EndGlobalSection
	GlobalSection(ProjectConfigurationPlatforms) = postSolution
		{BB36B670-AB98-4364-A753-2284C33800D9}.Debug|Any CPU.ActiveCfg = Debug|Any CPU
		{BB36B670-AB98-4364-A753-2284C33800D9}.Debug|Any CPU.Build.0 = Debug|Any CPU
		{BB36B670-AB98-4364-A753-2284C33800D9}.Release|Any CPU.ActiveCfg = Release|Any CPU
		{BB36B670-AB98-4364-A753-2284C33800D9}.Release|Any CPU.Build.0 = Release|Any CPU
		{7195352C-AF4C-4631-87B0-46A4E108AF60}.Debug|Any CPU.ActiveCfg = Debug|Any CPU
		{7195352C-AF4C-4631-87B0-46A4E108AF60}.Debug|Any CPU.Build.0 = Debug|Any CPU
		{7195352C-AF4C-4631-87B0-46A4E108AF60}.Debug|Any CPU.Deploy.0 = Debug|Any CPU
		{7195352C-AF4C-4631-87B0-46A4E108AF60}.Release|Any CPU.ActiveCfg = Release|Any CPU
		{7195352C-AF4C-4631-87B0-46A4E108AF60}.Release|Any CPU.Build.0 = Release|Any CPU
		{7195352C-AF4C-4631-87B0-46A4E108AF60}.Release|Any CPU.Deploy.0 = Release|Any CPU
	EndGlobalSection
	GlobalSection(SolutionProperties) = preSolution
		HideSolutionNode = FALSE
	EndGlobalSection
	GlobalSection(ExtensibilityGlobals) = postSolution
		SolutionGuid = {2BDB880E-C028-4506-8413-8866678AC8FB}
	EndGlobalSection
EndGlobal
